{
  "nodes": {
    "nixpkgs": {
      "locked": {
        "lastModified": 1743367904,
        "narHash": "sha256-sOos1jZGKmT6xxPvxGQyPTApOunXvScV4lNjBCXd/CI=",
        "owner": "NixOS",
        "repo": "nixpkgs",
        "rev": "7ffe0edc685f14b8c635e3d6591b0bbb97365e6c",
        "type": "github"
      },
      "original": {
        "id": "nixpkgs",
        "ref": "nixos-24.11",
        "type": "indirect"
      }
    },
    "root": {
      "inputs": {
        "nixpkgs": "nixpkgs",
        "sops-nix": "sops-nix"
      }
    },
    "sops-nix": {
      "inputs": {
        "nixpkgs": [
          "nixpkgs"
        ]
      },
      "locked": {
        "lastModified": 1743305778,
        "narHash": "sha256-Ux/UohNtnM5mn9SFjaHp6IZe2aAnUCzklMluNtV6zFo=",
        "owner": "Mic92",
        "repo": "sops-nix",
        "rev": "8e873886bbfc32163fe027b8676c75637b7da114",
        "type": "github"
      },
      "original": {
        "owner": "Mic92",
        "repo": "sops-nix",
        "type": "github"
      }
    }
  },
  "root": "root",
  "version": 7
}
